
Microsoft Visual Studio Solution File, Format Version 12.00
# Visual Studio 15
Project("{FAE04EC0-301F-11D3-BF4B-00C04F79EFBC}") = "Assembly-CSharp", "Assembly-CSharp.csproj", "{D96D3318-B890-FB95-D314-6F7B33DB317D}"
EndProject
Global
	GlobalSection(SolutionConfigurationPlatforms) = preSolution
		Debug|Any CPU = Debug|Any CPU
		Release|Any CPU = Release|Any CPU
	EndGlobalSection
	GlobalSection(ProjectConfigurationPlatforms) = postSolution
		{D96D3318-B890-FB95-D314-6F7B33DB317D}.Debug|Any CPU.ActiveCfg = Debug|Any CPU
		{D96D3318-B890-FB95-D314-6F7B33DB317D}.Debug|Any CPU.Build.0 = Debug|Any CPU
		{D96D3318-B890-FB95-D314-6F7B33DB317D}.Release|Any CPU.ActiveCfg = Release|Any CPU
		{D96D3318-B890-FB95-D314-6F7B33DB317D}.Release|Any CPU.Build.0 = Release|Any CPU
	EndGlobalSection
	GlobalSection(SolutionProperties) = preSolution
		HideSolutionNode = FALSE
	EndGlobalSection
EndGlobal
